// !$*UTF8*$!
{
	archiveVersion = 1;
	classes = {
	};
	objectVersion = 46;
	objects = {

/* Begin PBXBuildFile section */
		F11486901C63F69100E8A980 /* AppDelegate.swift in Sources */ = {isa = PBXBuildFile; fileRef = F114868F1C63F69100E8A980 /* AppDelegate.swift */; };
		F11486951C63F69100E8A980 /* Main.storyboard in Resources */ = {isa = PBXBuildFile; fileRef = F11486931C63F69100E8A980 /* Main.storyboard */; };
		F11486971C63F69100E8A980 /* Assets.xcassets in Resources */ = {isa = PBXBuildFile; fileRef = F11486961C63F69100E8A980 /* Assets.xcassets */; };
		F114869A1C63F69100E8A980 /* LaunchScreen.storyboard in Resources */ = {isa = PBXBuildFile; fileRef = F11486981C63F69100E8A980 /* LaunchScreen.storyboard */; };
		F11486A51C63F69100E8A980 /* SplitTests.swift in Sources */ = {isa = PBXBuildFile; fileRef = F11486A41C63F69100E8A980 /* SplitTests.swift */; };
		F11486B01C63F69100E8A980 /* SplitUITests.swift in Sources */ = {isa = PBXBuildFile; fileRef = F11486AF1C63F69100E8A980 /* SplitUITests.swift */; };
		F11486C01C64044300E8A980 /* restaurantCell.swift in Sources */ = {isa = PBXBuildFile; fileRef = F11486BF1C64044300E8A980 /* restaurantCell.swift */; };
		F11486C21C64061400E8A980 /* GroupViewController.swift in Sources */ = {isa = PBXBuildFile; fileRef = F11486C11C64061400E8A980 /* GroupViewController.swift */; };
		F11486C41C64094700E8A980 /* RestaurantViewController.swift in Sources */ = {isa = PBXBuildFile; fileRef = F11486C31C64094700E8A980 /* RestaurantViewController.swift */; };
		F11486C61C640DF700E8A980 /* GroupCell.swift in Sources */ = {isa = PBXBuildFile; fileRef = F11486C51C640DF700E8A980 /* GroupCell.swift */; };
		F11486C81C640EF000E8A980 /* JoinGroupViewController.swift in Sources */ = {isa = PBXBuildFile; fileRef = F11486C71C640EF000E8A980 /* JoinGroupViewController.swift */; };
		F11486CA1C64119700E8A980 /* menuViewController.swift in Sources */ = {isa = PBXBuildFile; fileRef = F11486C91C64119700E8A980 /* menuViewController.swift */; };
		F11486CC1C64122C00E8A980 /* menuCell.swift in Sources */ = {isa = PBXBuildFile; fileRef = F11486CB1C64122C00E8A980 /* menuCell.swift */; };
		F1731B631C644863005C2C01 /* OrderCompleteViewController.swift in Sources */ = {isa = PBXBuildFile; fileRef = F1731B621C644863005C2C01 /* OrderCompleteViewController.swift */; };
		F1731B651C64488E005C2C01 /* OrderCompleteCell.swift in Sources */ = {isa = PBXBuildFile; fileRef = F1731B641C64488E005C2C01 /* OrderCompleteCell.swift */; };
		F1731B671C645293005C2C01 /* Checkbox.swift in Sources */ = {isa = PBXBuildFile; fileRef = F1731B661C645293005C2C01 /* Checkbox.swift */; };
/* End PBXBuildFile section */

/* Begin PBXContainerItemProxy section */
		F11486A11C63F69100E8A980 /* PBXContainerItemProxy */ = {
			isa = PBXContainerItemProxy;
			containerPortal = F11486841C63F69100E8A980 /* Project object */;
			proxyType = 1;
			remoteGlobalIDString = F114868B1C63F69100E8A980;
			remoteInfo = Split;
		};
		F11486AC1C63F69100E8A980 /* PBXContainerItemProxy */ = {
			isa = PBXContainerItemProxy;
			containerPortal = F11486841C63F69100E8A980 /* Project object */;
			proxyType = 1;
			remoteGlobalIDString = F114868B1C63F69100E8A980;
			remoteInfo = Split;
		};
/* End PBXContainerItemProxy section */

/* Begin PBXFileReference section */
		F114868C1C63F69100E8A980 /* Split.app */ = {isa = PBXFileReference; explicitFileType = wrapper.application; includeInIndex = 0; path = Split.app; sourceTree = BUILT_PRODUCTS_DIR; };
		F114868F1C63F69100E8A980 /* AppDelegate.swift */ = {isa = PBXFileReference; lastKnownFileType = sourcecode.swift; path = AppDelegate.swift; sourceTree = "<group>"; };
		F11486941C63F69100E8A980 /* Base */ = {isa = PBXFileReference; lastKnownFileType = file.storyboard; name = Base; path = Base.lproj/Main.storyboard; sourceTree = "<group>"; };
		F11486961C63F69100E8A980 /* Assets.xcassets */ = {isa = PBXFileReference; lastKnownFileType = folder.assetcatalog; path = Assets.xcassets; sourceTree = "<group>"; };
		F11486991C63F69100E8A980 /* Base */ = {isa = PBXFileReference; lastKnownFileType = file.storyboard; name = Base; path = Base.lproj/LaunchScreen.storyboard; sourceTree = "<group>"; };
		F114869B1C63F69100E8A980 /* Info.plist */ = {isa = PBXFileReference; lastKnownFileType = text.plist.xml; path = Info.plist; sourceTree = "<group>"; };
		F11486A01C63F69100E8A980 /* SplitTests.xctest */ = {isa = PBXFileReference; explicitFileType = wrapper.cfbundle; includeInIndex = 0; path = SplitTests.xctest; sourceTree = BUILT_PRODUCTS_DIR; };
		F11486A41C63F69100E8A980 /* SplitTests.swift */ = {isa = PBXFileReference; lastKnownFileType = sourcecode.swift; path = SplitTests.swift; sourceTree = "<group>"; };
		F11486A61C63F69100E8A980 /* Info.plist */ = {isa = PBXFileReference; lastKnownFileType = text.plist.xml; path = Info.plist; sourceTree = "<group>"; };
		F11486AB1C63F69100E8A980 /* SplitUITests.xctest */ = {isa = PBXFileReference; explicitFileType = wrapper.cfbundle; includeInIndex = 0; path = SplitUITests.xctest; sourceTree = BUILT_PRODUCTS_DIR; };
		F11486AF1C63F69100E8A980 /* SplitUITests.swift */ = {isa = PBXFileReference; lastKnownFileType = sourcecode.swift; path = SplitUITests.swift; sourceTree = "<group>"; };
		F11486B11C63F69100E8A980 /* Info.plist */ = {isa = PBXFileReference; lastKnownFileType = text.plist.xml; path = Info.plist; sourceTree = "<group>"; };
		F11486BF1C64044300E8A980 /* restaurantCell.swift */ = {isa = PBXFileReference; fileEncoding = 4; lastKnownFileType = sourcecode.swift; path = restaurantCell.swift; sourceTree = "<group>"; };
		F11486C11C64061400E8A980 /* GroupViewController.swift */ = {isa = PBXFileReference; fileEncoding = 4; lastKnownFileType = sourcecode.swift; path = GroupViewController.swift; sourceTree = "<group>"; };
		F11486C31C64094700E8A980 /* RestaurantViewController.swift */ = {isa = PBXFileReference; fileEncoding = 4; lastKnownFileType = sourcecode.swift; path = RestaurantViewController.swift; sourceTree = "<group>"; };
		F11486C51C640DF700E8A980 /* GroupCell.swift */ = {isa = PBXFileReference; fileEncoding = 4; lastKnownFileType = sourcecode.swift; path = GroupCell.swift; sourceTree = "<group>"; };
		F11486C71C640EF000E8A980 /* JoinGroupViewController.swift */ = {isa = PBXFileReference; fileEncoding = 4; lastKnownFileType = sourcecode.swift; path = JoinGroupViewController.swift; sourceTree = "<group>"; };
		F11486C91C64119700E8A980 /* menuViewController.swift */ = {isa = PBXFileReference; fileEncoding = 4; lastKnownFileType = sourcecode.swift; path = menuViewController.swift; sourceTree = "<group>"; };
		F11486CB1C64122C00E8A980 /* menuCell.swift */ = {isa = PBXFileReference; fileEncoding = 4; lastKnownFileType = sourcecode.swift; path = menuCell.swift; sourceTree = "<group>"; };
		F1731B621C644863005C2C01 /* OrderCompleteViewController.swift */ = {isa = PBXFileReference; fileEncoding = 4; lastKnownFileType = sourcecode.swift; path = OrderCompleteViewController.swift; sourceTree = "<group>"; };
		F1731B641C64488E005C2C01 /* OrderCompleteCell.swift */ = {isa = PBXFileReference; fileEncoding = 4; lastKnownFileType = sourcecode.swift; path = OrderCompleteCell.swift; sourceTree = "<group>"; };
		F1731B661C645293005C2C01 /* Checkbox.swift */ = {isa = PBXFileReference; fileEncoding = 4; lastKnownFileType = sourcecode.swift; path = Checkbox.swift; sourceTree = "<group>"; };
/* End PBXFileReference section */

/* Begin PBXFrameworksBuildPhase section */
		F11486891C63F69100E8A980 /* Frameworks */ = {
			isa = PBXFrameworksBuildPhase;
			buildActionMask = 2147483647;
			files = (
			);
			runOnlyForDeploymentPostprocessing = 0;
		};
		F114869D1C63F69100E8A980 /* Frameworks */ = {
			isa = PBXFrameworksBuildPhase;
			buildActionMask = 2147483647;
			files = (
			);
			runOnlyForDeploymentPostprocessing = 0;
		};
		F11486A81C63F69100E8A980 /* Frameworks */ = {
			isa = PBXFrameworksBuildPhase;
			buildActionMask = 2147483647;
			files = (
			);
			runOnlyForDeploymentPostprocessing = 0;
		};
/* End PBXFrameworksBuildPhase section */

/* Begin PBXGroup section */
		F11486831C63F69100E8A980 = {
			isa = PBXGroup;
			children = (
				F114868E1C63F69100E8A980 /* Split */,
				F11486A31C63F69100E8A980 /* SplitTests */,
				F11486AE1C63F69100E8A980 /* SplitUITests */,
				F114868D1C63F69100E8A980 /* Products */,
			);
			sourceTree = "<group>";
		};
		F114868D1C63F69100E8A980 /* Products */ = {
			isa = PBXGroup;
			children = (
				F114868C1C63F69100E8A980 /* Split.app */,
				F11486A01C63F69100E8A980 /* SplitTests.xctest */,
				F11486AB1C63F69100E8A980 /* SplitUITests.xctest */,
			);
			name = Products;
			sourceTree = "<group>";
		};
		F114868E1C63F69100E8A980 /* Split */ = {
			isa = PBXGroup;
			children = (
				F114868F1C63F69100E8A980 /* AppDelegate.swift */,
				F11486931C63F69100E8A980 /* Main.storyboard */,
				F1731B661C645293005C2C01 /* Checkbox.swift */,
				F1731B621C644863005C2C01 /* OrderCompleteViewController.swift */,
				F1731B641C64488E005C2C01 /* OrderCompleteCell.swift */,
				F11486CB1C64122C00E8A980 /* menuCell.swift */,
				F11486C91C64119700E8A980 /* menuViewController.swift */,
				F11486C71C640EF000E8A980 /* JoinGroupViewController.swift */,
				F11486C51C640DF700E8A980 /* GroupCell.swift */,
				F11486BF1C64044300E8A980 /* restaurantCell.swift */,
				F11486C31C64094700E8A980 /* RestaurantViewController.swift */,
				F11486C11C64061400E8A980 /* GroupViewController.swift */,
				F11486961C63F69100E8A980 /* Assets.xcassets */,
				F11486981C63F69100E8A980 /* LaunchScreen.storyboard */,
				F114869B1C63F69100E8A980 /* Info.plist */,
			);
			path = Split;
			sourceTree = "<group>";
		};
		F11486A31C63F69100E8A980 /* SplitTests */ = {
			isa = PBXGroup;
			children = (
				F11486A41C63F69100E8A980 /* SplitTests.swift */,
				F11486A61C63F69100E8A980 /* Info.plist */,
			);
			path = SplitTests;
			sourceTree = "<group>";
		};
		F11486AE1C63F69100E8A980 /* SplitUITests */ = {
			isa = PBXGroup;
			children = (
				F11486AF1C63F69100E8A980 /* SplitUITests.swift */,
				F11486B11C63F69100E8A980 /* Info.plist */,
			);
			path = SplitUITests;
			sourceTree = "<group>";
		};
/* End PBXGroup section */

/* Begin PBXNativeTarget section */
		F114868B1C63F69100E8A980 /* Split */ = {
			isa = PBXNativeTarget;
			buildConfigurationList = F11486B41C63F69100E8A980 /* Build configuration list for PBXNativeTarget "Split" */;
			buildPhases = (
				F11486881C63F69100E8A980 /* Sources */,
				F11486891C63F69100E8A980 /* Frameworks */,
				F114868A1C63F69100E8A980 /* Resources */,
			);
			buildRules = (
			);
			dependencies = (
			);
			name = Split;
			productName = Split;
			productReference = F114868C1C63F69100E8A980 /* Split.app */;
			productType = "com.apple.product-type.application";
		};
		F114869F1C63F69100E8A980 /* SplitTests */ = {
			isa = PBXNativeTarget;
			buildConfigurationList = F11486B71C63F69100E8A980 /* Build configuration list for PBXNativeTarget "SplitTests" */;
			buildPhases = (
				F114869C1C63F69100E8A980 /* Sources */,
				F114869D1C63F69100E8A980 /* Frameworks */,
				F114869E1C63F69100E8A980 /* Resources */,
			);
			buildRules = (
			);
			dependencies = (
				F11486A21C63F69100E8A980 /* PBXTargetDependency */,
			);
			name = SplitTests;
			productName = SplitTests;
			productReference = F11486A01C63F69100E8A980 /* SplitTests.xctest */;
			productType = "com.apple.product-type.bundle.unit-test";
		};
		F11486AA1C63F69100E8A980 /* SplitUITests */ = {
			isa = PBXNativeTarget;
			buildConfigurationList = F11486BA1C63F69100E8A980 /* Build configuration list for PBXNativeTarget "SplitUITests" */;
			buildPhases = (
				F11486A71C63F69100E8A980 /* Sources */,
				F11486A81C63F69100E8A980 /* Frameworks */,
				F11486A91C63F69100E8A980 /* Resources */,
			);
			buildRules = (
			);
			dependencies = (
				F11486AD1C63F69100E8A980 /* PBXTargetDependency */,
			);
			name = SplitUITests;
			productName = SplitUITests;
			productReference = F11486AB1C63F69100E8A980 /* SplitUITests.xctest */;
			productType = "com.apple.product-type.bundle.ui-testing";
		};
/* End PBXNativeTarget section */

/* Begin PBXProject section */
		F11486841C63F69100E8A980 /* Project object */ = {
			isa = PBXProject;
			attributes = {
				LastSwiftUpdateCheck = 0720;
				LastUpgradeCheck = 0720;
				ORGANIZATIONNAME = "David Mattia";
				TargetAttributes = {
					F114868B1C63F69100E8A980 = {
						CreatedOnToolsVersion = 7.2;
					};
					F114869F1C63F69100E8A980 = {
						CreatedOnToolsVersion = 7.2;
						TestTargetID = F114868B1C63F69100E8A980;
					};
					F11486AA1C63F69100E8A980 = {
						CreatedOnToolsVersion = 7.2;
						TestTargetID = F114868B1C63F69100E8A980;
					};
				};
			};
			buildConfigurationList = F11486871C63F69100E8A980 /* Build configuration list for PBXProject "Split" */;
			compatibilityVersion = "Xcode 3.2";
			developmentRegion = English;
			hasScannedForEncodings = 0;
			knownRegions = (
				en,
				Base,
			);
			mainGroup = F11486831C63F69100E8A980;
			productRefGroup = F114868D1C63F69100E8A980 /* Products */;
			projectDirPath = "";
			projectRoot = "";
			targets = (
				F114868B1C63F69100E8A980 /* Split */,
				F114869F1C63F69100E8A980 /* SplitTests */,
				F11486AA1C63F69100E8A980 /* SplitUITests */,
			);
		};
/* End PBXProject section */

/* Begin PBXResourcesBuildPhase section */
		F114868A1C63F69100E8A980 /* Resources */ = {
			isa = PBXResourcesBuildPhase;
			buildActionMask = 2147483647;
			files = (
				F114869A1C63F69100E8A980 /* LaunchScreen.storyboard in Resources */,
				F11486971C63F69100E8A980 /* Assets.xcassets in Resources */,
				F11486951C63F69100E8A980 /* Main.storyboard in Resources */,
			);
			runOnlyForDeploymentPostprocessing = 0;
		};
		F114869E1C63F69100E8A980 /* Resources */ = {
			isa = PBXResourcesBuildPhase;
			buildActionMask = 2147483647;
			files = (
			);
			runOnlyForDeploymentPostprocessing = 0;
		};
		F11486A91C63F69100E8A980 /* Resources */ = {
			isa = PBXResourcesBuildPhase;
			buildActionMask = 2147483647;
			files = (
			);
			runOnlyForDeploymentPostprocessing = 0;
		};
/* End PBXResourcesBuildPhase section */

/* Begin PBXSourcesBuildPhase section */
		F11486881C63F69100E8A980 /* Sources */ = {
			isa = PBXSourcesBuildPhase;
			buildActionMask = 2147483647;
			files = (
				F11486C61C640DF700E8A980 /* GroupCell.swift in Sources */,
				F11486C21C64061400E8A980 /* GroupViewController.swift in Sources */,
				F11486C41C64094700E8A980 /* RestaurantViewController.swift in Sources */,
				F11486C01C64044300E8A980 /* restaurantCell.swift in Sources */,
				F1731B671C645293005C2C01 /* Checkbox.swift in Sources */,
				F11486C81C640EF000E8A980 /* JoinGroupViewController.swift in Sources */,
				F1731B651C64488E005C2C01 /* OrderCompleteCell.swift in Sources */,
				F1731B631C644863005C2C01 /* OrderCompleteViewController.swift in Sources */,
				F11486CA1C64119700E8A980 /* menuViewController.swift in Sources */,
				F11486CC1C64122C00E8A980 /* menuCell.swift in Sources */,
				F11486901C63F69100E8A980 /* AppDelegate.swift in Sources */,
			);
			runOnlyForDeploymentPostprocessing = 0;
		};
		F114869C1C63F69100E8A980 /* Sources */ = {
			isa = PBXSourcesBuildPhase;
			buildActionMask = 2147483647;
			files = (
				F11486A51C63F69100E8A980 /* SplitTests.swift in Sources */,
			);
			runOnlyForDeploymentPostprocessing = 0;
		};
		F11486A71C63F69100E8A980 /* Sources */ = {
			isa = PBXSourcesBuildPhase;
			buildActionMask = 2147483647;
			files = (
				F11486B01C63F69100E8A980 /* SplitUITests.swift in Sources */,
			);
			runOnlyForDeploymentPostprocessing = 0;
		};
/* End PBXSourcesBuildPhase section */

/* Begin PBXTargetDependency section */
		F11486A21C63F69100E8A980 /* PBXTargetDependency */ = {
			isa = PBXTargetDependency;
			target = F114868B1C63F69100E8A980 /* Split */;
			targetProxy = F11486A11C63F69100E8A980 /* PBXContainerItemProxy */;
		};
		F11486AD1C63F69100E8A980 /* PBXTargetDependency */ = {
			isa = PBXTargetDependency;
			target = F114868B1C63F69100E8A980 /* Split */;
			targetProxy = F11486AC1C63F69100E8A980 /* PBXContainerItemProxy */;
		};
/* End PBXTargetDependency section */

/* Begin PBXVariantGroup section */
		F11486931C63F69100E8A980 /* Main.storyboard */ = {
			isa = PBXVariantGroup;
			children = (
				F11486941C63F69100E8A980 /* Base */,
			);
			name = Main.storyboard;
			sourceTree = "<group>";
		};
		F11486981C63F69100E8A980 /* LaunchScreen.storyboard */ = {
			isa = PBXVariantGroup;
			children = (
				F11486991C63F69100E8A980 /* Base */,
			);
			name = LaunchScreen.storyboard;
			sourceTree = "<group>";
		};
/* End PBXVariantGroup section */

/* Begin XCBuildConfiguration section */
		F11486B21C63F69100E8A980 /* Debug */ = {
			isa = XCBuildConfiguration;
			buildSettings = {
				ALWAYS_SEARCH_USER_PATHS = NO;
				CLANG_CXX_LANGUAGE_STANDARD = "gnu++0x";
				CLANG_CXX_LIBRARY = "libc++";
				CLANG_ENABLE_MODULES = YES;
				CLANG_ENABLE_OBJC_ARC = YES;
				CLANG_WARN_BOOL_CONVERSION = YES;
				CLANG_WARN_CONSTANT_CONVERSION = YES;
				CLANG_WARN_DIRECT_OBJC_ISA_USAGE = YES_ERROR;
				CLANG_WARN_EMPTY_BODY = YES;
				CLANG_WARN_ENUM_CONVERSION = YES;
				CLANG_WARN_INT_CONVERSION = YES;
				CLANG_WARN_OBJC_ROOT_CLASS = YES_ERROR;
				CLANG_WARN_UNREACHABLE_CODE = YES;
				CLANG_WARN__DUPLICATE_METHOD_MATCH = YES;
				"CODE_SIGN_IDENTITY[sdk=iphoneos*]" = "iPhone Developer";
				COPY_PHASE_STRIP = NO;
				DEBUG_INFORMATION_FORMAT = dwarf;
				ENABLE_STRICT_OBJC_MSGSEND = YES;
				ENABLE_TESTABILITY = YES;
				GCC_C_LANGUAGE_STANDARD = gnu99;
				GCC_DYNAMIC_NO_PIC = NO;
				GCC_NO_COMMON_BLOCKS = YES;
				GCC_OPTIMIZATION_LEVEL = 0;
				GCC_PREPROCESSOR_DEFINITIONS = (
					"DEBUG=1",
					"$(inherited)",
				);
				GCC_WARN_64_TO_32_BIT_CONVERSION = YES;
				GCC_WARN_ABOUT_RETURN_TYPE = YES_ERROR;
				GCC_WARN_UNDECLARED_SELECTOR = YES;
				GCC_WARN_UNINITIALIZED_AUTOS = YES_AGGRESSIVE;
				GCC_WARN_UNUSED_FUNCTION = YES;
				GCC_WARN_UNUSED_VARIABLE = YES;
				IPHONEOS_DEPLOYMENT_TARGET = 9.2;
				MTL_ENABLE_DEBUG_INFO = YES;
				ONLY_ACTIVE_ARCH = YES;
				SDKROOT = iphoneos;
				SWIFT_OPTIMIZATION_LEVEL = "-Onone";
			};
			name = Debug;
		};
		F11486B31C63F69100E8A980 /* Release */ = {
			isa = XCBuildConfiguration;
			buildSettings = {
				ALWAYS_SEARCH_USER_PATHS = NO;
				CLANG_CXX_LANGUAGE_STANDARD = "gnu++0x";
				CLANG_CXX_LIBRARY = "libc++";
				CLANG_ENABLE_MODULES = YES;
				CLANG_ENABLE_OBJC_ARC = YES;
				CLANG_WARN_BOOL_CONVERSION = YES;
				CLANG_WARN_CONSTANT_CONVERSION = YES;
				CLANG_WARN_DIRECT_OBJC_ISA_USAGE = YES_ERROR;
				CLANG_WARN_EMPTY_BODY = YES;
				CLANG_WARN_ENUM_CONVERSION = YES;
				CLANG_WARN_INT_CONVERSION = YES;
				CLANG_WARN_OBJC_ROOT_CLASS = YES_ERROR;
				CLANG_WARN_UNREACHABLE_CODE = YES;
				CLANG_WARN__DUPLICATE_METHOD_MATCH = YES;
				"CODE_SIGN_IDENTITY[sdk=iphoneos*]" = "iPhone Developer";
				COPY_PHASE_STRIP = NO;
				DEBUG_INFORMATION_FORMAT = "dwarf-with-dsym";
				ENABLE_NS_ASSERTIONS = NO;
				ENABLE_STRICT_OBJC_MSGSEND = YES;
				GCC_C_LANGUAGE_STANDARD = gnu99;
				GCC_NO_COMMON_BLOCKS = YES;
				GCC_WARN_64_TO_32_BIT_CONVERSION = YES;
				GCC_WARN_ABOUT_RETURN_TYPE = YES_ERROR;
				GCC_WARN_UNDECLARED_SELECTOR = YES;
				GCC_WARN_UNINITIALIZED_AUTOS = YES_AGGRESSIVE;
				GCC_WARN_UNUSED_FUNCTION = YES;
				GCC_WARN_UNUSED_VARIABLE = YES;
				IPHONEOS_DEPLOYMENT_TARGET = 9.2;
				MTL_ENABLE_DEBUG_INFO = NO;
				SDKROOT = iphoneos;
				VALIDATE_PRODUCT = YES;
			};
			name = Release;
		};
		F11486B51C63F69100E8A980 /* Debug */ = {
			isa = XCBuildConfiguration;
			buildSettings = {
				ASSETCATALOG_COMPILER_APPICON_NAME = AppIcon;
				INFOPLIST_FILE = Split/Info.plist;
				LD_RUNPATH_SEARCH_PATHS = "$(inherited) @executable_path/Frameworks";
				PRODUCT_BUNDLE_IDENTIFIER = "com.David-mattia.Split";
				PRODUCT_NAME = "$(TARGET_NAME)";
			};
			name = Debug;
		};
		F11486B61C63F69100E8A980 /* Release */ = {
			isa = XCBuildConfiguration;
			buildSettings = {
				ASSETCATALOG_COMPILER_APPICON_NAME = AppIcon;
				INFOPLIST_FILE = Split/Info.plist;
				LD_RUNPATH_SEARCH_PATHS = "$(inherited) @executable_path/Frameworks";
				PRODUCT_BUNDLE_IDENTIFIER = "com.David-mattia.Split";
				PRODUCT_NAME = "$(TARGET_NAME)";
			};
			name = Release;
		};
		F11486B81C63F69100E8A980 /* Debug */ = {
			isa = XCBuildConfiguration;
			buildSettings = {
				BUNDLE_LOADER = "$(TEST_HOST)";
				INFOPLIST_FILE = SplitTests/Info.plist;
				LD_RUNPATH_SEARCH_PATHS = "$(inherited) @executable_path/Frameworks @loader_path/Frameworks";
				PRODUCT_BUNDLE_IDENTIFIER = "com.David-mattia.SplitTests";
				PRODUCT_NAME = "$(TARGET_NAME)";
				TEST_HOST = "$(BUILT_PRODUCTS_DIR)/Split.app/Split";
			};
			name = Debug;
		};
		F11486B91C63F69100E8A980 /* Release */ = {
			isa = XCBuildConfiguration;
			buildSettings = {
				BUNDLE_LOADER = "$(TEST_HOST)";
				INFOPLIST_FILE = SplitTests/Info.plist;
				LD_RUNPATH_SEARCH_PATHS = "$(inherited) @executable_path/Frameworks @loader_path/Frameworks";
				PRODUCT_BUNDLE_IDENTIFIER = "com.David-mattia.SplitTests";
				PRODUCT_NAME = "$(TARGET_NAME)";
				TEST_HOST = "$(BUILT_PRODUCTS_DIR)/Split.app/Split";
			};
			name = Release;
		};
		F11486BB1C63F69100E8A980 /* Debug */ = {
			isa = XCBuildConfiguration;
			buildSettings = {
				INFOPLIST_FILE = SplitUITests/Info.plist;
				LD_RUNPATH_SEARCH_PATHS = "$(inherited) @executable_path/Frameworks @loader_path/Frameworks";
				PRODUCT_BUNDLE_IDENTIFIER = "com.David-mattia.SplitUITests";
				PRODUCT_NAME = "$(TARGET_NAME)";
				TEST_TARGET_NAME = Split;
				USES_XCTRUNNER = YES;
			};
			name = Debug;
		};
		F11486BC1C63F69100E8A980 /* Release */ = {
			isa = XCBuildConfiguration;
			buildSettings = {
				INFOPLIST_FILE = SplitUITests/Info.plist;
				LD_RUNPATH_SEARCH_PATHS = "$(inherited) @executable_path/Frameworks @loader_path/Frameworks";
				PRODUCT_BUNDLE_IDENTIFIER = "com.David-mattia.SplitUITests";
				PRODUCT_NAME = "$(TARGET_NAME)";
				TEST_TARGET_NAME = Split;
				USES_XCTRUNNER = YES;
			};
			name = Release;
		};
/* End XCBuildConfiguration section */

/* Begin XCConfigurationList section */
		F11486871C63F69100E8A980 /* Build configuration list for PBXProject "Split" */ = {
			isa = XCConfigurationList;
			buildConfigurations = (
				F11486B21C63F69100E8A980 /* Debug */,
				F11486B31C63F69100E8A980 /* Release */,
			);
			defaultConfigurationIsVisible = 0;
			defaultConfigurationName = Release;
		};
		F11486B41C63F69100E8A980 /* Build configuration list for PBXNativeTarget "Split" */ = {
			isa = XCConfigurationList;
			buildConfigurations = (
				F11486B51C63F69100E8A980 /* Debug */,
				F11486B61C63F69100E8A980 /* Release */,
			);
			defaultConfigurationIsVisible = 0;
			defaultConfigurationName = Release;
		};
		F11486B71C63F69100E8A980 /* Build configuration list for PBXNativeTarget "SplitTests" */ = {
			isa = XCConfigurationList;
			buildConfigurations = (
				F11486B81C63F69100E8A980 /* Debug */,
				F11486B91C63F69100E8A980 /* Release */,
			);
			defaultConfigurationIsVisible = 0;
			defaultConfigurationName = Release;
		};
		F11486BA1C63F69100E8A980 /* Build configuration list for PBXNativeTarget "SplitUITests" */ = {
			isa = XCConfigurationList;
			buildConfigurations = (
				F11486BB1C63F69100E8A980 /* Debug */,
				F11486BC1C63F69100E8A980 /* Release */,
			);
			defaultConfigurationIsVisible = 0;
			defaultConfigurationName = Release;
		};
/* End XCConfigurationList section */
	};
	rootObject = F11486841C63F69100E8A980 /* Project object */;
}
